
Microsoft Visual Studio Solution File, Format Version 12.00
# Visual Studio 15
VisualStudioVersion = 15.0.26430.15
MinimumVisualStudioVersion = 10.0.40219.1
Project("{FAE04EC0-301F-11D3-BF4B-00C04F79EFBC}") = "SQLi", "SQLi\SQLi.csproj", "{6ADCEBB9-E61E-4ABC-A222-087AC933F163}"
EndProject
Project("{54435603-DBB4-11D2-8724-00A0C9A8B90C}") = "SQLiSetup", "SQLiSetup\SQLiSetup.vdproj", "{E6C000C8-F5CC-4616-AF9D-B98DA684C4C8}"
EndProject
Project("{FAE04EC0-301F-11D3-BF4B-00C04F79EFBC}") = "InstallerActions", "InstallerActions\InstallerActions.csproj", "{62539FBC-9FDD-4618-B938-0F23F2FCAA99}"
EndProject
Global
	GlobalSection(SolutionConfigurationPlatforms) = preSolution
		Debug|Any CPU = Debug|Any CPU
		Release|Any CPU = Release|Any CPU
	EndGlobalSection
	GlobalSection(ProjectConfigurationPlatforms) = postSolution
		{6ADCEBB9-E61E-4ABC-A222-087AC933F163}.Debug|Any CPU.ActiveCfg = Debug|Any CPU
		{6ADCEBB9-E61E-4ABC-A222-087AC933F163}.Debug|Any CPU.Build.0 = Debug|Any CPU
		{6ADCEBB9-E61E-4ABC-A222-087AC933F163}.Release|Any CPU.ActiveCfg = Release|Any CPU
		{6ADCEBB9-E61E-4ABC-A222-087AC933F163}.Release|Any CPU.Build.0 = Release|Any CPU
		{E6C000C8-F5CC-4616-AF9D-B98DA684C4C8}.Debug|Any CPU.ActiveCfg = Debug
		{E6C000C8-F5CC-4616-AF9D-B98DA684C4C8}.Release|Any CPU.ActiveCfg = Release
		{62539FBC-9FDD-4618-B938-0F23F2FCAA99}.Debug|Any CPU.ActiveCfg = Debug|Any CPU
		{62539FBC-9FDD-4618-B938-0F23F2FCAA99}.Debug|Any CPU.Build.0 = Debug|Any CPU
		{62539FBC-9FDD-4618-B938-0F23F2FCAA99}.Release|Any CPU.ActiveCfg = Release|Any CPU
		{62539FBC-9FDD-4618-B938-0F23F2FCAA99}.Release|Any CPU.Build.0 = Release|Any CPU
	EndGlobalSection
	GlobalSection(SolutionProperties) = preSolution
		HideSolutionNode = FALSE
	EndGlobalSection
EndGlobal
